
Microsoft Visual Studio Solution File, Format Version 12.00
# Visual Studio Version 17
VisualStudioVersion = 17.9.34723.18
MinimumVisualStudioVersion = 10.0.40219.1
Project("{FAE04EC0-301F-11D3-BF4B-00C04F79EFBC}") = "Vox", "Vox\Vox.csproj", "{5CE33128-1240-47E6-8A2D-BC82DFCA0695}"
EndProject
Global
	GlobalSection(SolutionConfigurationPlatforms) = preSolution
		Debug|Any CPU = Debug|Any CPU
		Release|Any CPU = Release|Any CPU
	EndGlobalSection
	GlobalSection(ProjectConfigurationPlatforms) = postSolution
		{5CE33128-1240-47E6-8A2D-BC82DFCA0695}.Debug|Any CPU.ActiveCfg = Debug|Any CPU
		{5CE33128-1240-47E6-8A2D-BC82DFCA0695}.Debug|Any CPU.Build.0 = Debug|Any CPU
		{5CE33128-1240-47E6-8A2D-BC82DFCA0695}.Release|Any CPU.ActiveCfg = Release|Any CPU
		{5CE33128-1240-47E6-8A2D-BC82DFCA0695}.Release|Any CPU.Build.0 = Release|Any CPU
	EndGlobalSection
	GlobalSection(SolutionProperties) = preSolution
		HideSolutionNode = FALSE
	EndGlobalSection
	GlobalSection(ExtensibilityGlobals) = postSolution
		SolutionGuid = {51999740-2CC2-4C73-9AD6-ECA8A56E76DB}
	EndGlobalSection
EndGlobal
